// !$*UTF8*$!
{
	archiveVersion = 1;
	classes = {
	};
	objectVersion = 56;
	objects = {

/* Begin PBXBuildFile section */
		CE9093C22B3D2D6300367236 /* NewsPageApp.swift in Sources */ = {isa = PBXBuildFile; fileRef = CE9093C12B3D2D6300367236 /* NewsPageApp.swift */; };
		CE9093C62B3D2D6600367236 /* Assets.xcassets in Resources */ = {isa = PBXBuildFile; fileRef = CE9093C52B3D2D6600367236 /* Assets.xcassets */; };
		CE9093C92B3D2D6600367236 /* Preview Assets.xcassets in Resources */ = {isa = PBXBuildFile; fileRef = CE9093C82B3D2D6600367236 /* Preview Assets.xcassets */; };
		CE9093D02B3D395500367236 /* ServiceManager.swift in Sources */ = {isa = PBXBuildFile; fileRef = CE9093CF2B3D395500367236 /* ServiceManager.swift */; };
		CE9093D22B3D39FB00367236 /* NewsModel.swift in Sources */ = {isa = PBXBuildFile; fileRef = CE9093D12B3D39FB00367236 /* NewsModel.swift */; };
		CE9093D42B3D3AEE00367236 /* NewsListView.swift in Sources */ = {isa = PBXBuildFile; fileRef = CE9093D32B3D3AEE00367236 /* NewsListView.swift */; };
		CE9093D62B3D3AFF00367236 /* NewsListViewModel.swift in Sources */ = {isa = PBXBuildFile; fileRef = CE9093D52B3D3AFF00367236 /* NewsListViewModel.swift */; };
		CE9093D82B3D3B1E00367236 /* TableViewRepresentable.swift in Sources */ = {isa = PBXBuildFile; fileRef = CE9093D72B3D3B1E00367236 /* TableViewRepresentable.swift */; };
		CE9093DA2B3D3B3400367236 /* NewsTableViewCell.swift in Sources */ = {isa = PBXBuildFile; fileRef = CE9093D92B3D3B3400367236 /* NewsTableViewCell.swift */; };
		CE9093DC2B3D3DA000367236 /* NewsTableView.swift in Sources */ = {isa = PBXBuildFile; fileRef = CE9093DB2B3D3DA000367236 /* NewsTableView.swift */; };
/* End PBXBuildFile section */

/* Begin PBXFileReference section */
		CE9093BE2B3D2D6300367236 /* NewsPage.app */ = {isa = PBXFileReference; explicitFileType = wrapper.application; includeInIndex = 0; path = NewsPage.app; sourceTree = BUILT_PRODUCTS_DIR; };
		CE9093C12B3D2D6300367236 /* NewsPageApp.swift */ = {isa = PBXFileReference; lastKnownFileType = sourcecode.swift; path = NewsPageApp.swift; sourceTree = "<group>"; };
		CE9093C52B3D2D6600367236 /* Assets.xcassets */ = {isa = PBXFileReference; lastKnownFileType = folder.assetcatalog; path = Assets.xcassets; sourceTree = "<group>"; };
		CE9093C82B3D2D6600367236 /* Preview Assets.xcassets */ = {isa = PBXFileReference; lastKnownFileType = folder.assetcatalog; path = "Preview Assets.xcassets"; sourceTree = "<group>"; };
		CE9093CF2B3D395500367236 /* ServiceManager.swift */ = {isa = PBXFileReference; lastKnownFileType = sourcecode.swift; path = ServiceManager.swift; sourceTree = "<group>"; };
		CE9093D12B3D39FB00367236 /* NewsModel.swift */ = {isa = PBXFileReference; lastKnownFileType = sourcecode.swift; path = NewsModel.swift; sourceTree = "<group>"; };
		CE9093D32B3D3AEE00367236 /* NewsListView.swift */ = {isa = PBXFileReference; lastKnownFileType = sourcecode.swift; path = NewsListView.swift; sourceTree = "<group>"; };
		CE9093D52B3D3AFF00367236 /* NewsListViewModel.swift */ = {isa = PBXFileReference; lastKnownFileType = sourcecode.swift; path = NewsListViewModel.swift; sourceTree = "<group>"; };
		CE9093D72B3D3B1E00367236 /* TableViewRepresentable.swift */ = {isa = PBXFileReference; lastKnownFileType = sourcecode.swift; path = TableViewRepresentable.swift; sourceTree = "<group>"; };
		CE9093D92B3D3B3400367236 /* NewsTableViewCell.swift */ = {isa = PBXFileReference; lastKnownFileType = sourcecode.swift; path = NewsTableViewCell.swift; sourceTree = "<group>"; };
		CE9093DB2B3D3DA000367236 /* NewsTableView.swift */ = {isa = PBXFileReference; lastKnownFileType = sourcecode.swift; path = NewsTableView.swift; sourceTree = "<group>"; };
/* End PBXFileReference section */

/* Begin PBXFrameworksBuildPhase section */
		CE9093BB2B3D2D6300367236 /* Frameworks */ = {
			isa = PBXFrameworksBuildPhase;
			buildActionMask = 2147483647;
			files = (
			);
			runOnlyForDeploymentPostprocessing = 0;
		};
/* End PBXFrameworksBuildPhase section */

/* Begin PBXGroup section */
		CE9093B52B3D2D6300367236 = {
			isa = PBXGroup;
			children = (
				CE9093C02B3D2D6300367236 /* NewsPage */,
				CE9093BF2B3D2D6300367236 /* Products */,
			);
			sourceTree = "<group>";
		};
		CE9093BF2B3D2D6300367236 /* Products */ = {
			isa = PBXGroup;
			children = (
				CE9093BE2B3D2D6300367236 /* NewsPage.app */,
			);
			name = Products;
			sourceTree = "<group>";
		};
		CE9093C02B3D2D6300367236 /* NewsPage */ = {
			isa = PBXGroup;
			children = (
				CE9093C12B3D2D6300367236 /* NewsPageApp.swift */,
				CE9093CF2B3D395500367236 /* ServiceManager.swift */,
				CE9093D12B3D39FB00367236 /* NewsModel.swift */,
				CE9093D32B3D3AEE00367236 /* NewsListView.swift */,
				CE9093D52B3D3AFF00367236 /* NewsListViewModel.swift */,
				CE9093D72B3D3B1E00367236 /* TableViewRepresentable.swift */,
				CE9093DB2B3D3DA000367236 /* NewsTableView.swift */,
				CE9093D92B3D3B3400367236 /* NewsTableViewCell.swift */,
				CE9093C52B3D2D6600367236 /* Assets.xcassets */,
				CE9093C72B3D2D6600367236 /* Preview Content */,
			);
			path = NewsPage;
			sourceTree = "<group>";
		};
		CE9093C72B3D2D6600367236 /* Preview Content */ = {
			isa = PBXGroup;
			children = (
				CE9093C82B3D2D6600367236 /* Preview Assets.xcassets */,
			);
			path = "Preview Content";
			sourceTree = "<group>";
		};
/* End PBXGroup section */

/* Begin PBXNativeTarget section */
		CE9093BD2B3D2D6300367236 /* NewsPage */ = {
			isa = PBXNativeTarget;
			buildConfigurationList = CE9093CC2B3D2D6600367236 /* Build configuration list for PBXNativeTarget "NewsPage" */;
			buildPhases = (
				CE9093BA2B3D2D6300367236 /* Sources */,
				CE9093BB2B3D2D6300367236 /* Frameworks */,
				CE9093BC2B3D2D6300367236 /* Resources */,
			);
			buildRules = (
			);
			dependencies = (
			);
			name = NewsPage;
			productName = NewsPage;
			productReference = CE9093BE2B3D2D6300367236 /* NewsPage.app */;
			productType = "com.apple.product-type.application";
		};
/* End PBXNativeTarget section */

/* Begin PBXProject section */
		CE9093B62B3D2D6300367236 /* Project object */ = {
			isa = PBXProject;
			attributes = {
				BuildIndependentTargetsInParallel = 1;
				LastSwiftUpdateCheck = 1510;
				LastUpgradeCheck = 1510;
				TargetAttributes = {
					CE9093BD2B3D2D6300367236 = {
						CreatedOnToolsVersion = 15.1;
					};
				};
			};
			buildConfigurationList = CE9093B92B3D2D6300367236 /* Build configuration list for PBXProject "NewsPage" */;
			compatibilityVersion = "Xcode 14.0";
			developmentRegion = en;
			hasScannedForEncodings = 0;
			knownRegions = (
				en,
				Base,
			);
			mainGroup = CE9093B52B3D2D6300367236;
			productRefGroup = CE9093BF2B3D2D6300367236 /* Products */;
			projectDirPath = "";
			projectRoot = "";
			targets = (
				CE9093BD2B3D2D6300367236 /* NewsPage */,
			);
		};
/* End PBXProject section */

/* Begin PBXResourcesBuildPhase section */
		CE9093BC2B3D2D6300367236 /* Resources */ = {
			isa = PBXResourcesBuildPhase;
			buildActionMask = 2147483647;
			files = (
				CE9093C92B3D2D6600367236 /* Preview Assets.xcassets in Resources */,
				CE9093C62B3D2D6600367236 /* Assets.xcassets in Resources */,
			);
			runOnlyForDeploymentPostprocessing = 0;
		};
/* End PBXResourcesBuildPhase section */

/* Begin PBXSourcesBuildPhase section */
		CE9093BA2B3D2D6300367236 /* Sources */ = {
			isa = PBXSourcesBuildPhase;
			buildActionMask = 2147483647;
			files = (
				CE9093D82B3D3B1E00367236 /* TableViewRepresentable.swift in Sources */,
				CE9093DA2B3D3B3400367236 /* NewsTableViewCell.swift in Sources */,
				CE9093D22B3D39FB00367236 /* NewsModel.swift in Sources */,
				CE9093D42B3D3AEE00367236 /* NewsListView.swift in Sources */,
				CE9093D62B3D3AFF00367236 /* NewsListViewModel.swift in Sources */,
				CE9093C22B3D2D6300367236 /* NewsPageApp.swift in Sources */,
				CE9093DC2B3D3DA000367236 /* NewsTableView.swift in Sources */,
				CE9093D02B3D395500367236 /* ServiceManager.swift in Sources */,
			);
			runOnlyForDeploymentPostprocessing = 0;
		};
/* End PBXSourcesBuildPhase section */

/* Begin XCBuildConfiguration section */
		CE9093CA2B3D2D6600367236 /* Debug */ = {
			isa = XCBuildConfiguration;
			buildSettings = {
				ALWAYS_SEARCH_USER_PATHS = NO;
				ASSETCATALOG_COMPILER_GENERATE_SWIFT_ASSET_SYMBOL_EXTENSIONS = YES;
				CLANG_ANALYZER_NONNULL = YES;
				CLANG_ANALYZER_NUMBER_OBJECT_CONVERSION = YES_AGGRESSIVE;
				CLANG_CXX_LANGUAGE_STANDARD = "gnu++20";
				CLANG_ENABLE_MODULES = YES;
				CLANG_ENABLE_OBJC_ARC = YES;
				CLANG_ENABLE_OBJC_WEAK = YES;
				CLANG_WARN_BLOCK_CAPTURE_AUTORELEASING = YES;
				CLANG_WARN_BOOL_CONVERSION = YES;
				CLANG_WARN_COMMA = YES;
				CLANG_WARN_CONSTANT_CONVERSION = YES;
				CLANG_WARN_DEPRECATED_OBJC_IMPLEMENTATIONS = YES;
				CLANG_WARN_DIRECT_OBJC_ISA_USAGE = YES_ERROR;
				CLANG_WARN_DOCUMENTATION_COMMENTS = YES;
				CLANG_WARN_EMPTY_BODY = YES;
				CLANG_WARN_ENUM_CONVERSION = YES;
				CLANG_WARN_INFINITE_RECURSION = YES;
				CLANG_WARN_INT_CONVERSION = YES;
				CLANG_WARN_NON_LITERAL_NULL_CONVERSION = YES;
				CLANG_WARN_OBJC_IMPLICIT_RETAIN_SELF = YES;
				CLANG_WARN_OBJC_LITERAL_CONVERSION = YES;
				CLANG_WARN_OBJC_ROOT_CLASS = YES_ERROR;
				CLANG_WARN_QUOTED_INCLUDE_IN_FRAMEWORK_HEADER = YES;
				CLANG_WARN_RANGE_LOOP_ANALYSIS = YES;
				CLANG_WARN_STRICT_PROTOTYPES = YES;
				CLANG_WARN_SUSPICIOUS_MOVE = YES;
				CLANG_WARN_UNGUARDED_AVAILABILITY = YES_AGGRESSIVE;
				CLANG_WARN_UNREACHABLE_CODE = YES;
				CLANG_WARN__DUPLICATE_METHOD_MATCH = YES;
				COPY_PHASE_STRIP = NO;
				DEBUG_INFORMATION_FORMAT = dwarf;
				ENABLE_STRICT_OBJC_MSGSEND = YES;
				ENABLE_TESTABILITY = YES;
				ENABLE_USER_SCRIPT_SANDBOXING = YES;
				GCC_C_LANGUAGE_STANDARD = gnu17;
				GCC_DYNAMIC_NO_PIC = NO;
				GCC_NO_COMMON_BLOCKS = YES;
				GCC_OPTIMIZATION_LEVEL = 0;
				GCC_PREPROCESSOR_DEFINITIONS = (
					"DEBUG=1",
					"$(inherited)",
				);
				GCC_WARN_64_TO_32_BIT_CONVERSION = YES;
				GCC_WARN_ABOUT_RETURN_TYPE = YES_ERROR;
				GCC_WARN_UNDECLARED_SELECTOR = YES;
				GCC_WARN_UNINITIALIZED_AUTOS = YES_AGGRESSIVE;
				GCC_WARN_UNUSED_FUNCTION = YES;
				GCC_WARN_UNUSED_VARIABLE = YES;
				IPHONEOS_DEPLOYMENT_TARGET = 17.2;
				LOCALIZATION_PREFERS_STRING_CATALOGS = YES;
				MTL_ENABLE_DEBUG_INFO = INCLUDE_SOURCE;
				MTL_FAST_MATH = YES;
				ONLY_ACTIVE_ARCH = YES;
				SDKROOT = iphoneos;
				SWIFT_ACTIVE_COMPILATION_CONDITIONS = "DEBUG $(inherited)";
				SWIFT_OPTIMIZATION_LEVEL = "-Onone";
			};
			name = Debug;
		};
		CE9093CB2B3D2D6600367236 /* Release */ = {
			isa = XCBuildConfiguration;
			buildSettings = {
				ALWAYS_SEARCH_USER_PATHS = NO;
				ASSETCATALOG_COMPILER_GENERATE_SWIFT_ASSET_SYMBOL_EXTENSIONS = YES;
				CLANG_ANALYZER_NONNULL = YES;
				CLANG_ANALYZER_NUMBER_OBJECT_CONVERSION = YES_AGGRESSIVE;
				CLANG_CXX_LANGUAGE_STANDARD = "gnu++20";
				CLANG_ENABLE_MODULES = YES;
				CLANG_ENABLE_OBJC_ARC = YES;
				CLANG_ENABLE_OBJC_WEAK = YES;
				CLANG_WARN_BLOCK_CAPTURE_AUTORELEASING = YES;
				CLANG_WARN_BOOL_CONVERSION = YES;
				CLANG_WARN_COMMA = YES;
				CLANG_WARN_CONSTANT_CONVERSION = YES;
				CLANG_WARN_DEPRECATED_OBJC_IMPLEMENTATIONS = YES;
				CLANG_WARN_DIRECT_OBJC_ISA_USAGE = YES_ERROR;
				CLANG_WARN_DOCUMENTATION_COMMENTS = YES;
				CLANG_WARN_EMPTY_BODY = YES;
				CLANG_WARN_ENUM_CONVERSION = YES;
				CLANG_WARN_INFINITE_RECURSION = YES;
				CLANG_WARN_INT_CONVERSION = YES;
				CLANG_WARN_NON_LITERAL_NULL_CONVERSION = YES;
				CLANG_WARN_OBJC_IMPLICIT_RETAIN_SELF = YES;
				CLANG_WARN_OBJC_LITERAL_CONVERSION = YES;
				CLANG_WARN_OBJC_ROOT_CLASS = YES_ERROR;
				CLANG_WARN_QUOTED_INCLUDE_IN_FRAMEWORK_HEADER = YES;
				CLANG_WARN_RANGE_LOOP_ANALYSIS = YES;
				CLANG_WARN_STRICT_PROTOTYPES = YES;
				CLANG_WARN_SUSPICIOUS_MOVE = YES;
				CLANG_WARN_UNGUARDED_AVAILABILITY = YES_AGGRESSIVE;
				CLANG_WARN_UNREACHABLE_CODE = YES;
				CLANG_WARN__DUPLICATE_METHOD_MATCH = YES;
				COPY_PHASE_STRIP = NO;
				DEBUG_INFORMATION_FORMAT = "dwarf-with-dsym";
				ENABLE_NS_ASSERTIONS = NO;
				ENABLE_STRICT_OBJC_MSGSEND = YES;
				ENABLE_USER_SCRIPT_SANDBOXING = YES;
				GCC_C_LANGUAGE_STANDARD = gnu17;
				GCC_NO_COMMON_BLOCKS = YES;
				GCC_WARN_64_TO_32_BIT_CONVERSION = YES;
				GCC_WARN_ABOUT_RETURN_TYPE = YES_ERROR;
				GCC_WARN_UNDECLARED_SELECTOR = YES;
				GCC_WARN_UNINITIALIZED_AUTOS = YES_AGGRESSIVE;
				GCC_WARN_UNUSED_FUNCTION = YES;
				GCC_WARN_UNUSED_VARIABLE = YES;
				IPHONEOS_DEPLOYMENT_TARGET = 17.2;
				LOCALIZATION_PREFERS_STRING_CATALOGS = YES;
				MTL_ENABLE_DEBUG_INFO = NO;
				MTL_FAST_MATH = YES;
				SDKROOT = iphoneos;
				SWIFT_COMPILATION_MODE = wholemodule;
				VALIDATE_PRODUCT = YES;
			};
			name = Release;
		};
		CE9093CD2B3D2D6600367236 /* Debug */ = {
			isa = XCBuildConfiguration;
			buildSettings = {
				ASSETCATALOG_COMPILER_APPICON_NAME = AppIcon;
				ASSETCATALOG_COMPILER_GLOBAL_ACCENT_COLOR_NAME = AccentColor;
				CODE_SIGN_STYLE = Automatic;
				CURRENT_PROJECT_VERSION = 1;
				DEVELOPMENT_ASSET_PATHS = "\"NewsPage/Preview Content\"";
				DEVELOPMENT_TEAM = 3MMDWT9QJB;
				ENABLE_PREVIEWS = YES;
				GENERATE_INFOPLIST_FILE = YES;
				INFOPLIST_KEY_UIApplicationSceneManifest_Generation = YES;
				INFOPLIST_KEY_UIApplicationSupportsIndirectInputEvents = YES;
				INFOPLIST_KEY_UILaunchScreen_Generation = YES;
				INFOPLIST_KEY_UISupportedInterfaceOrientations_iPad = "UIInterfaceOrientationPortrait UIInterfaceOrientationPortraitUpsideDown UIInterfaceOrientationLandscapeLeft UIInterfaceOrientationLandscapeRight";
				INFOPLIST_KEY_UISupportedInterfaceOrientations_iPhone = "UIInterfaceOrientationPortrait UIInterfaceOrientationLandscapeLeft UIInterfaceOrientationLandscapeRight";
				LD_RUNPATH_SEARCH_PATHS = (
					"$(inherited)",
					"@executable_path/Frameworks",
				);
				MARKETING_VERSION = 1.0;
				PRODUCT_BUNDLE_IDENTIFIER = "TBC-Academy.NewsPage";
				PRODUCT_NAME = "$(TARGET_NAME)";
				SWIFT_EMIT_LOC_STRINGS = YES;
				SWIFT_VERSION = 5.0;
				TARGETED_DEVICE_FAMILY = "1,2";
			};
			name = Debug;
		};
		CE9093CE2B3D2D6600367236 /* Release */ = {
			isa = XCBuildConfiguration;
			buildSettings = {
				ASSETCATALOG_COMPILER_APPICON_NAME = AppIcon;
				ASSETCATALOG_COMPILER_GLOBAL_ACCENT_COLOR_NAME = AccentColor;
				CODE_SIGN_STYLE = Automatic;
				CURRENT_PROJECT_VERSION = 1;
				DEVELOPMENT_ASSET_PATHS = "\"NewsPage/Preview Content\"";
				DEVELOPMENT_TEAM = 3MMDWT9QJB;
				ENABLE_PREVIEWS = YES;
				GENERATE_INFOPLIST_FILE = YES;
				INFOPLIST_KEY_UIApplicationSceneManifest_Generation = YES;
				INFOPLIST_KEY_UIApplicationSupportsIndirectInputEvents = YES;
				INFOPLIST_KEY_UILaunchScreen_Generation = YES;
				INFOPLIST_KEY_UISupportedInterfaceOrientations_iPad = "UIInterfaceOrientationPortrait UIInterfaceOrientationPortraitUpsideDown UIInterfaceOrientationLandscapeLeft UIInterfaceOrientationLandscapeRight";
				INFOPLIST_KEY_UISupportedInterfaceOrientations_iPhone = "UIInterfaceOrientationPortrait UIInterfaceOrientationLandscapeLeft UIInterfaceOrientationLandscapeRight";
				LD_RUNPATH_SEARCH_PATHS = (
					"$(inherited)",
					"@executable_path/Frameworks",
				);
				MARKETING_VERSION = 1.0;
				PRODUCT_BUNDLE_IDENTIFIER = "TBC-Academy.NewsPage";
				PRODUCT_NAME = "$(TARGET_NAME)";
				SWIFT_EMIT_LOC_STRINGS = YES;
				SWIFT_VERSION = 5.0;
				TARGETED_DEVICE_FAMILY = "1,2";
			};
			name = Release;
		};
/* End XCBuildConfiguration section */

/* Begin XCConfigurationList section */
		CE9093B92B3D2D6300367236 /* Build configuration list for PBXProject "NewsPage" */ = {
			isa = XCConfigurationList;
			buildConfigurations = (
				CE9093CA2B3D2D6600367236 /* Debug */,
				CE9093CB2B3D2D6600367236 /* Release */,
			);
			defaultConfigurationIsVisible = 0;
			defaultConfigurationName = Release;
		};
		CE9093CC2B3D2D6600367236 /* Build configuration list for PBXNativeTarget "NewsPage" */ = {
			isa = XCConfigurationList;
			buildConfigurations = (
				CE9093CD2B3D2D6600367236 /* Debug */,
				CE9093CE2B3D2D6600367236 /* Release */,
			);
			defaultConfigurationIsVisible = 0;
			defaultConfigurationName = Release;
		};
/* End XCConfigurationList section */
	};
	rootObject = CE9093B62B3D2D6300367236 /* Project object */;
}
